// !$*UTF8*$!
{
	archiveVersion = 1;
	classes = {
	};
	objectVersion = 56;
	objects = {

/* Begin PBXBuildFile section */
		9224EB272C6E43510056B803 /* CustomButton.swift in Sources */ = {isa = PBXBuildFile; fileRef = 9224EB1F2C6E43510056B803 /* CustomButton.swift */; };
		9224EB282C6E43510056B803 /* CustomButton.xib in Resources */ = {isa = PBXBuildFile; fileRef = 9224EB202C6E43510056B803 /* CustomButton.xib */; };
		9224EB292C6E43510056B803 /* CustomTextFiled.swift in Sources */ = {isa = PBXBuildFile; fileRef = 9224EB222C6E43510056B803 /* CustomTextFiled.swift */; };
		9224EB2A2C6E43510056B803 /* CustomTextFiled.xib in Resources */ = {isa = PBXBuildFile; fileRef = 9224EB232C6E43510056B803 /* CustomTextFiled.xib */; };
		9253223D2C6A61ED007045DB /* AppDelegate.swift in Sources */ = {isa = PBXBuildFile; fileRef = 9253223C2C6A61ED007045DB /* AppDelegate.swift */; };
		9253223F2C6A61ED007045DB /* SceneDelegate.swift in Sources */ = {isa = PBXBuildFile; fileRef = 9253223E2C6A61ED007045DB /* SceneDelegate.swift */; };
		925322412C6A61ED007045DB /* MainNanigationViewController.swift in Sources */ = {isa = PBXBuildFile; fileRef = 925322402C6A61ED007045DB /* MainNanigationViewController.swift */; };
		925322442C6A61ED007045DB /* Base in Resources */ = {isa = PBXBuildFile; fileRef = 925322432C6A61ED007045DB /* Base */; };
		925322462C6A61F2007045DB /* Assets.xcassets in Resources */ = {isa = PBXBuildFile; fileRef = 925322452C6A61F2007045DB /* Assets.xcassets */; };
		925322492C6A61F2007045DB /* Base in Resources */ = {isa = PBXBuildFile; fileRef = 925322482C6A61F2007045DB /* Base */; };
		927F9A8F2C6E1C6B00C9E9E9 /* SignUpViewController.swift in Sources */ = {isa = PBXBuildFile; fileRef = 927F9A8E2C6E1C6B00C9E9E9 /* SignUpViewController.swift */; };
		927F9A912C6E1C8A00C9E9E9 /* SignInViewController.swift in Sources */ = {isa = PBXBuildFile; fileRef = 927F9A902C6E1C8A00C9E9E9 /* SignInViewController.swift */; };
		927F9A932C6E1CA700C9E9E9 /* HomeViewController.swift in Sources */ = {isa = PBXBuildFile; fileRef = 927F9A922C6E1CA700C9E9E9 /* HomeViewController.swift */; };
		927F9A952C6E1CCC00C9E9E9 /* FindDoctorsViewController.swift in Sources */ = {isa = PBXBuildFile; fileRef = 927F9A942C6E1CCC00C9E9E9 /* FindDoctorsViewController.swift */; };
		927F9A972C6E1CEF00C9E9E9 /* DoctorDetailsViewController.swift in Sources */ = {isa = PBXBuildFile; fileRef = 927F9A962C6E1CEF00C9E9E9 /* DoctorDetailsViewController.swift */; };
		927F9A992C6E1D1D00C9E9E9 /* BookAppointmentViewController.swift in Sources */ = {isa = PBXBuildFile; fileRef = 927F9A982C6E1D1D00C9E9E9 /* BookAppointmentViewController.swift */; };
		92A776292C6A772F00757440 /* UserProfile.swift in Sources */ = {isa = PBXBuildFile; fileRef = 92A776262C6A772800757440 /* UserProfile.swift */; };
		92A7762A2C6A773400757440 /* NSNumberEx.swift in Sources */ = {isa = PBXBuildFile; fileRef = 92A776162C6A772800757440 /* NSNumberEx.swift */; };
		92A7762B2C6A774100757440 /* UIStringEx.swift in Sources */ = {isa = PBXBuildFile; fileRef = 92A7761E2C6A772800757440 /* UIStringEx.swift */; };
		92A7762C2C6A774100757440 /* UIViewControllerEx.swift in Sources */ = {isa = PBXBuildFile; fileRef = 92A776232C6A772800757440 /* UIViewControllerEx.swift */; };
		92A7762D2C6A774100757440 /* UICollectionViewEx.swift in Sources */ = {isa = PBXBuildFile; fileRef = 92A776192C6A772800757440 /* UICollectionViewEx.swift */; };
		92A7762E2C6A774100757440 /* UIColorEx.swift in Sources */ = {isa = PBXBuildFile; fileRef = 92A7761A2C6A772800757440 /* UIColorEx.swift */; };
		92A7762F2C6A774100757440 /* UITableViewEx.swift in Sources */ = {isa = PBXBuildFile; fileRef = 92A776202C6A772800757440 /* UITableViewEx.swift */; };
		92A776302C6A774100757440 /* UIStoryboredEx.swift in Sources */ = {isa = PBXBuildFile; fileRef = 92A7761D2C6A772800757440 /* UIStoryboredEx.swift */; };
		92A776312C6A774100757440 /* UIButtonEx.swift in Sources */ = {isa = PBXBuildFile; fileRef = 92A776182C6A772800757440 /* UIButtonEx.swift */; };
		92A776322C6A774100757440 /* UIViewController.swift in Sources */ = {isa = PBXBuildFile; fileRef = 92A776222C6A772800757440 /* UIViewController.swift */; };
		92A776332C6A774100757440 /* UITextField.swift in Sources */ = {isa = PBXBuildFile; fileRef = 92A776212C6A772800757440 /* UITextField.swift */; };
		92A776342C6A774100757440 /* UIKitEx.swift in Sources */ = {isa = PBXBuildFile; fileRef = 92A7761B2C6A772800757440 /* UIKitEx.swift */; };
		92A776352C6A774100757440 /* UIViewEx.swift in Sources */ = {isa = PBXBuildFile; fileRef = 92A776242C6A772800757440 /* UIViewEx.swift */; };
		92A776362C6A774100757440 /* UIApplectionEx.swift in Sources */ = {isa = PBXBuildFile; fileRef = 92A776172C6A772800757440 /* UIApplectionEx.swift */; };
		92A776372C6A774100757440 /* UITabBarEx.swift in Sources */ = {isa = PBXBuildFile; fileRef = 92A7761F2C6A772800757440 /* UITabBarEx.swift */; };
		92A776382C6A774100757440 /* UIResponderEx.swift in Sources */ = {isa = PBXBuildFile; fileRef = 92A7761C2C6A772800757440 /* UIResponderEx.swift */; };
/* End PBXBuildFile section */

/* Begin PBXFileReference section */
		9224EB1F2C6E43510056B803 /* CustomButton.swift */ = {isa = PBXFileReference; fileEncoding = 4; lastKnownFileType = sourcecode.swift; path = CustomButton.swift; sourceTree = "<group>"; };
		9224EB202C6E43510056B803 /* CustomButton.xib */ = {isa = PBXFileReference; fileEncoding = 4; lastKnownFileType = file.xib; path = CustomButton.xib; sourceTree = "<group>"; };
		9224EB222C6E43510056B803 /* CustomTextFiled.swift */ = {isa = PBXFileReference; fileEncoding = 4; lastKnownFileType = sourcecode.swift; path = CustomTextFiled.swift; sourceTree = "<group>"; };
		9224EB232C6E43510056B803 /* CustomTextFiled.xib */ = {isa = PBXFileReference; fileEncoding = 4; lastKnownFileType = file.xib; path = CustomTextFiled.xib; sourceTree = "<group>"; };
		9224EB2C2C6E4CEE0056B803 /* Inter-Light.otf */ = {isa = PBXFileReference; lastKnownFileType = file; path = "Inter-Light.otf"; sourceTree = "<group>"; };
		9224EB2D2C6E4CEE0056B803 /* Inter-Bold.otf */ = {isa = PBXFileReference; lastKnownFileType = file; path = "Inter-Bold.otf"; sourceTree = "<group>"; };
		9224EB2E2C6E4CEE0056B803 /* Inter-MediumItalic.otf */ = {isa = PBXFileReference; lastKnownFileType = file; path = "Inter-MediumItalic.otf"; sourceTree = "<group>"; };
		9224EB302C6E4CEE0056B803 /* Inter-SemiBoldItalic.otf */ = {isa = PBXFileReference; lastKnownFileType = file; path = "Inter-SemiBoldItalic.otf"; sourceTree = "<group>"; };
		9224EB312C6E4CEE0056B803 /* Inter-Italic.otf */ = {isa = PBXFileReference; lastKnownFileType = file; path = "Inter-Italic.otf"; sourceTree = "<group>"; };
		9224EB322C6E4CEE0056B803 /* Inter-BlackItalic.otf */ = {isa = PBXFileReference; lastKnownFileType = file; path = "Inter-BlackItalic.otf"; sourceTree = "<group>"; };
		9224EB332C6E4CEE0056B803 /* Inter-Regular.otf */ = {isa = PBXFileReference; lastKnownFileType = file; path = "Inter-Regular.otf"; sourceTree = "<group>"; };
		9224EB342C6E4CEE0056B803 /* Inter-Medium.otf */ = {isa = PBXFileReference; lastKnownFileType = file; path = "Inter-Medium.otf"; sourceTree = "<group>"; };
		9224EB352C6E4CEE0056B803 /* Inter-BoldItalic.otf */ = {isa = PBXFileReference; lastKnownFileType = file; path = "Inter-BoldItalic.otf"; sourceTree = "<group>"; };
		9224EB362C6E4CEE0056B803 /* Inter-SemiBold.otf */ = {isa = PBXFileReference; lastKnownFileType = file; path = "Inter-SemiBold.otf"; sourceTree = "<group>"; };
		925322392C6A61ED007045DB /* Tooth Time.app */ = {isa = PBXFileReference; explicitFileType = wrapper.application; includeInIndex = 0; path = "Tooth Time.app"; sourceTree = BUILT_PRODUCTS_DIR; };
		9253223C2C6A61ED007045DB /* AppDelegate.swift */ = {isa = PBXFileReference; lastKnownFileType = sourcecode.swift; path = AppDelegate.swift; sourceTree = "<group>"; };
		9253223E2C6A61ED007045DB /* SceneDelegate.swift */ = {isa = PBXFileReference; lastKnownFileType = sourcecode.swift; path = SceneDelegate.swift; sourceTree = "<group>"; };
		925322402C6A61ED007045DB /* MainNanigationViewController.swift */ = {isa = PBXFileReference; lastKnownFileType = sourcecode.swift; path = MainNanigationViewController.swift; sourceTree = "<group>"; };
		925322432C6A61ED007045DB /* Base */ = {isa = PBXFileReference; lastKnownFileType = file.storyboard; name = Base; path = Base.lproj/Main.storyboard; sourceTree = "<group>"; };
		925322452C6A61F2007045DB /* Assets.xcassets */ = {isa = PBXFileReference; lastKnownFileType = folder.assetcatalog; path = Assets.xcassets; sourceTree = "<group>"; };
		925322482C6A61F2007045DB /* Base */ = {isa = PBXFileReference; lastKnownFileType = file.storyboard; name = Base; path = Base.lproj/LaunchScreen.storyboard; sourceTree = "<group>"; };
		9253224A2C6A61F2007045DB /* Info.plist */ = {isa = PBXFileReference; lastKnownFileType = text.plist.xml; path = Info.plist; sourceTree = "<group>"; };
		927F9A8E2C6E1C6B00C9E9E9 /* SignUpViewController.swift */ = {isa = PBXFileReference; lastKnownFileType = sourcecode.swift; path = SignUpViewController.swift; sourceTree = "<group>"; };
		927F9A902C6E1C8A00C9E9E9 /* SignInViewController.swift */ = {isa = PBXFileReference; lastKnownFileType = sourcecode.swift; path = SignInViewController.swift; sourceTree = "<group>"; };
		927F9A922C6E1CA700C9E9E9 /* HomeViewController.swift */ = {isa = PBXFileReference; lastKnownFileType = sourcecode.swift; path = HomeViewController.swift; sourceTree = "<group>"; };
		927F9A942C6E1CCC00C9E9E9 /* FindDoctorsViewController.swift */ = {isa = PBXFileReference; lastKnownFileType = sourcecode.swift; path = FindDoctorsViewController.swift; sourceTree = "<group>"; };
		927F9A962C6E1CEF00C9E9E9 /* DoctorDetailsViewController.swift */ = {isa = PBXFileReference; lastKnownFileType = sourcecode.swift; path = DoctorDetailsViewController.swift; sourceTree = "<group>"; };
		927F9A982C6E1D1D00C9E9E9 /* BookAppointmentViewController.swift */ = {isa = PBXFileReference; lastKnownFileType = sourcecode.swift; path = BookAppointmentViewController.swift; sourceTree = "<group>"; };
		92A776162C6A772800757440 /* NSNumberEx.swift */ = {isa = PBXFileReference; lastKnownFileType = sourcecode.swift; path = NSNumberEx.swift; sourceTree = "<group>"; };
		92A776172C6A772800757440 /* UIApplectionEx.swift */ = {isa = PBXFileReference; lastKnownFileType = sourcecode.swift; path = UIApplectionEx.swift; sourceTree = "<group>"; };
		92A776182C6A772800757440 /* UIButtonEx.swift */ = {isa = PBXFileReference; lastKnownFileType = sourcecode.swift; path = UIButtonEx.swift; sourceTree = "<group>"; };
		92A776192C6A772800757440 /* UICollectionViewEx.swift */ = {isa = PBXFileReference; lastKnownFileType = sourcecode.swift; path = UICollectionViewEx.swift; sourceTree = "<group>"; };
		92A7761A2C6A772800757440 /* UIColorEx.swift */ = {isa = PBXFileReference; lastKnownFileType = sourcecode.swift; path = UIColorEx.swift; sourceTree = "<group>"; };
		92A7761B2C6A772800757440 /* UIKitEx.swift */ = {isa = PBXFileReference; lastKnownFileType = sourcecode.swift; path = UIKitEx.swift; sourceTree = "<group>"; };
		92A7761C2C6A772800757440 /* UIResponderEx.swift */ = {isa = PBXFileReference; lastKnownFileType = sourcecode.swift; path = UIResponderEx.swift; sourceTree = "<group>"; };
		92A7761D2C6A772800757440 /* UIStoryboredEx.swift */ = {isa = PBXFileReference; lastKnownFileType = sourcecode.swift; path = UIStoryboredEx.swift; sourceTree = "<group>"; };
		92A7761E2C6A772800757440 /* UIStringEx.swift */ = {isa = PBXFileReference; lastKnownFileType = sourcecode.swift; path = UIStringEx.swift; sourceTree = "<group>"; };
		92A7761F2C6A772800757440 /* UITabBarEx.swift */ = {isa = PBXFileReference; lastKnownFileType = sourcecode.swift; path = UITabBarEx.swift; sourceTree = "<group>"; };
		92A776202C6A772800757440 /* UITableViewEx.swift */ = {isa = PBXFileReference; lastKnownFileType = sourcecode.swift; path = UITableViewEx.swift; sourceTree = "<group>"; };
		92A776212C6A772800757440 /* UITextField.swift */ = {isa = PBXFileReference; lastKnownFileType = sourcecode.swift; path = UITextField.swift; sourceTree = "<group>"; };
		92A776222C6A772800757440 /* UIViewController.swift */ = {isa = PBXFileReference; lastKnownFileType = sourcecode.swift; path = UIViewController.swift; sourceTree = "<group>"; };
		92A776232C6A772800757440 /* UIViewControllerEx.swift */ = {isa = PBXFileReference; lastKnownFileType = sourcecode.swift; path = UIViewControllerEx.swift; sourceTree = "<group>"; };
		92A776242C6A772800757440 /* UIViewEx.swift */ = {isa = PBXFileReference; lastKnownFileType = sourcecode.swift; path = UIViewEx.swift; sourceTree = "<group>"; };
		92A776262C6A772800757440 /* UserProfile.swift */ = {isa = PBXFileReference; lastKnownFileType = sourcecode.swift; path = UserProfile.swift; sourceTree = "<group>"; };
/* End PBXFileReference section */

/* Begin PBXFrameworksBuildPhase section */
		925322362C6A61ED007045DB /* Frameworks */ = {
			isa = PBXFrameworksBuildPhase;
			buildActionMask = 2147483647;
			files = (
			);
			runOnlyForDeploymentPostprocessing = 0;
		};
/* End PBXFrameworksBuildPhase section */

/* Begin PBXGroup section */
		9224EB212C6E43510056B803 /* CustomButton */ = {
			isa = PBXGroup;
			children = (
				9224EB1F2C6E43510056B803 /* CustomButton.swift */,
				9224EB202C6E43510056B803 /* CustomButton.xib */,
			);
			path = CustomButton;
			sourceTree = "<group>";
		};
		9224EB242C6E43510056B803 /* CustomTextFiled */ = {
			isa = PBXGroup;
			children = (
				9224EB222C6E43510056B803 /* CustomTextFiled.swift */,
				9224EB232C6E43510056B803 /* CustomTextFiled.xib */,
			);
			path = CustomTextFiled;
			sourceTree = "<group>";
		};
		9224EB262C6E43510056B803 /* Views */ = {
			isa = PBXGroup;
			children = (
				9224EB212C6E43510056B803 /* CustomButton */,
				9224EB242C6E43510056B803 /* CustomTextFiled */,
			);
			path = Views;
			sourceTree = "<group>";
		};
		925322302C6A61ED007045DB = {
			isa = PBXGroup;
			children = (
				9253223B2C6A61ED007045DB /* Tooth Time */,
				9253223A2C6A61ED007045DB /* Products */,
			);
			sourceTree = "<group>";
		};
		9253223A2C6A61ED007045DB /* Products */ = {
			isa = PBXGroup;
			children = (
				925322392C6A61ED007045DB /* Tooth Time.app */,
			);
			name = Products;
			sourceTree = "<group>";
		};
		9253223B2C6A61ED007045DB /* Tooth Time */ = {
			isa = PBXGroup;
			children = (
				9253223C2C6A61ED007045DB /* AppDelegate.swift */,
				9253223E2C6A61ED007045DB /* SceneDelegate.swift */,
				92A776152C6A76DD00757440 /* Storyboard */,
				927F9A822C6E1AD500C9E9E9 /* View Controller */,
				92A776282C6A772800757440 /* Utilis */,
				927F9A832C6E1AF000C9E9E9 /* Supporting Files */,
			);
			path = "Tooth Time";
			sourceTree = "<group>";
		};
		927F9A822C6E1AD500C9E9E9 /* View Controller */ = {
			isa = PBXGroup;
			children = (
				927F9A852C6E1B2800C9E9E9 /* Xibs */,
				925322402C6A61ED007045DB /* MainNanigationViewController.swift */,
				927F9A872C6E1BAD00C9E9E9 /* Sign Up */,
				927F9A882C6E1BC000C9E9E9 /* Sign In */,
				927F9A892C6E1BCC00C9E9E9 /* Home */,
				927F9A8A2C6E1BDF00C9E9E9 /* Find Doctors */,
				927F9A8B2C6E1BE900C9E9E9 /* Doctor Details */,
				927F9A8C2C6E1C0000C9E9E9 /* Book Appointment */,
			);
			path = "View Controller";
			sourceTree = "<group>";
		};
		927F9A832C6E1AF000C9E9E9 /* Supporting Files */ = {
			isa = PBXGroup;
			children = (
				927F9A842C6E1B0500C9E9E9 /* Files */,
				925322452C6A61F2007045DB /* Assets.xcassets */,
				9253224A2C6A61F2007045DB /* Info.plist */,
			);
			path = "Supporting Files";
			sourceTree = "<group>";
		};
		927F9A842C6E1B0500C9E9E9 /* Files */ = {
			isa = PBXGroup;
			children = (
				9224EB322C6E4CEE0056B803 /* Inter-BlackItalic.otf */,
				9224EB2D2C6E4CEE0056B803 /* Inter-Bold.otf */,
				9224EB352C6E4CEE0056B803 /* Inter-BoldItalic.otf */,
				9224EB312C6E4CEE0056B803 /* Inter-Italic.otf */,
				9224EB2C2C6E4CEE0056B803 /* Inter-Light.otf */,
				9224EB342C6E4CEE0056B803 /* Inter-Medium.otf */,
				9224EB2E2C6E4CEE0056B803 /* Inter-MediumItalic.otf */,
				9224EB332C6E4CEE0056B803 /* Inter-Regular.otf */,
				9224EB362C6E4CEE0056B803 /* Inter-SemiBold.otf */,
				9224EB302C6E4CEE0056B803 /* Inter-SemiBoldItalic.otf */,
			);
			path = Files;
			sourceTree = "<group>";
		};
		927F9A852C6E1B2800C9E9E9 /* Xibs */ = {
			isa = PBXGroup;
			children = (
				927F9A862C6E1B2E00C9E9E9 /* Collection View */,
				9224EB262C6E43510056B803 /* Views */,
			);
			path = Xibs;
			sourceTree = "<group>";
		};
		927F9A862C6E1B2E00C9E9E9 /* Collection View */ = {
			isa = PBXGroup;
			children = (
			);
			path = "Collection View";
			sourceTree = "<group>";
		};
		927F9A872C6E1BAD00C9E9E9 /* Sign Up */ = {
			isa = PBXGroup;
			children = (
				927F9A8E2C6E1C6B00C9E9E9 /* SignUpViewController.swift */,
			);
			path = "Sign Up";
			sourceTree = "<group>";
		};
		927F9A882C6E1BC000C9E9E9 /* Sign In */ = {
			isa = PBXGroup;
			children = (
				927F9A902C6E1C8A00C9E9E9 /* SignInViewController.swift */,
			);
			path = "Sign In";
			sourceTree = "<group>";
		};
		927F9A892C6E1BCC00C9E9E9 /* Home */ = {
			isa = PBXGroup;
			children = (
				927F9A922C6E1CA700C9E9E9 /* HomeViewController.swift */,
			);
			path = Home;
			sourceTree = "<group>";
		};
		927F9A8A2C6E1BDF00C9E9E9 /* Find Doctors */ = {
			isa = PBXGroup;
			children = (
				927F9A942C6E1CCC00C9E9E9 /* FindDoctorsViewController.swift */,
			);
			path = "Find Doctors";
			sourceTree = "<group>";
		};
		927F9A8B2C6E1BE900C9E9E9 /* Doctor Details */ = {
			isa = PBXGroup;
			children = (
				927F9A962C6E1CEF00C9E9E9 /* DoctorDetailsViewController.swift */,
			);
			path = "Doctor Details";
			sourceTree = "<group>";
		};
		927F9A8C2C6E1C0000C9E9E9 /* Book Appointment */ = {
			isa = PBXGroup;
			children = (
				927F9A982C6E1D1D00C9E9E9 /* BookAppointmentViewController.swift */,
			);
			path = "Book Appointment";
			sourceTree = "<group>";
		};
		92A776152C6A76DD00757440 /* Storyboard */ = {
			isa = PBXGroup;
			children = (
				925322422C6A61ED007045DB /* Main.storyboard */,
				925322472C6A61F2007045DB /* LaunchScreen.storyboard */,
			);
			path = Storyboard;
			sourceTree = "<group>";
		};
		92A776252C6A772800757440 /* Extensions */ = {
			isa = PBXGroup;
			children = (
				92A776162C6A772800757440 /* NSNumberEx.swift */,
				92A776172C6A772800757440 /* UIApplectionEx.swift */,
				92A776182C6A772800757440 /* UIButtonEx.swift */,
				92A776192C6A772800757440 /* UICollectionViewEx.swift */,
				92A7761A2C6A772800757440 /* UIColorEx.swift */,
				92A7761B2C6A772800757440 /* UIKitEx.swift */,
				92A7761C2C6A772800757440 /* UIResponderEx.swift */,
				92A7761D2C6A772800757440 /* UIStoryboredEx.swift */,
				92A7761E2C6A772800757440 /* UIStringEx.swift */,
				92A7761F2C6A772800757440 /* UITabBarEx.swift */,
				92A776202C6A772800757440 /* UITableViewEx.swift */,
				92A776212C6A772800757440 /* UITextField.swift */,
				92A776222C6A772800757440 /* UIViewController.swift */,
				92A776232C6A772800757440 /* UIViewControllerEx.swift */,
				92A776242C6A772800757440 /* UIViewEx.swift */,
			);
			path = Extensions;
			sourceTree = "<group>";
		};
		92A776272C6A772800757440 /* Libs */ = {
			isa = PBXGroup;
			children = (
				92A776262C6A772800757440 /* UserProfile.swift */,
			);
			path = Libs;
			sourceTree = "<group>";
		};
		92A776282C6A772800757440 /* Utilis */ = {
			isa = PBXGroup;
			children = (
				92A776252C6A772800757440 /* Extensions */,
				92A776272C6A772800757440 /* Libs */,
			);
			path = Utilis;
			sourceTree = "<group>";
		};
/* End PBXGroup section */

/* Begin PBXNativeTarget section */
		925322382C6A61ED007045DB /* Tooth Time */ = {
			isa = PBXNativeTarget;
			buildConfigurationList = 9253224D2C6A61F2007045DB /* Build configuration list for PBXNativeTarget "Tooth Time" */;
			buildPhases = (
				925322352C6A61ED007045DB /* Sources */,
				925322362C6A61ED007045DB /* Frameworks */,
				925322372C6A61ED007045DB /* Resources */,
			);
			buildRules = (
			);
			dependencies = (
			);
			name = "Tooth Time";
			productName = "Tooth Time";
			productReference = 925322392C6A61ED007045DB /* Tooth Time.app */;
			productType = "com.apple.product-type.application";
		};
/* End PBXNativeTarget section */

/* Begin PBXProject section */
		925322312C6A61ED007045DB /* Project object */ = {
			isa = PBXProject;
			attributes = {
				BuildIndependentTargetsInParallel = 1;
				LastSwiftUpdateCheck = 1540;
				LastUpgradeCheck = 1540;
				TargetAttributes = {
					925322382C6A61ED007045DB = {
						CreatedOnToolsVersion = 15.4;
					};
				};
			};
			buildConfigurationList = 925322342C6A61ED007045DB /* Build configuration list for PBXProject "Tooth Time" */;
			compatibilityVersion = "Xcode 14.0";
			developmentRegion = en;
			hasScannedForEncodings = 0;
			knownRegions = (
				en,
				Base,
			);
			mainGroup = 925322302C6A61ED007045DB;
			productRefGroup = 9253223A2C6A61ED007045DB /* Products */;
			projectDirPath = "";
			projectRoot = "";
			targets = (
				925322382C6A61ED007045DB /* Tooth Time */,
			);
		};
/* End PBXProject section */

/* Begin PBXResourcesBuildPhase section */
		925322372C6A61ED007045DB /* Resources */ = {
			isa = PBXResourcesBuildPhase;
			buildActionMask = 2147483647;
			files = (
				9224EB282C6E43510056B803 /* CustomButton.xib in Resources */,
				925322462C6A61F2007045DB /* Assets.xcassets in Resources */,
				925322492C6A61F2007045DB /* Base in Resources */,
				925322442C6A61ED007045DB /* Base in Resources */,
				9224EB2A2C6E43510056B803 /* CustomTextFiled.xib in Resources */,
			);
			runOnlyForDeploymentPostprocessing = 0;
		};
/* End PBXResourcesBuildPhase section */

/* Begin PBXSourcesBuildPhase section */
		925322352C6A61ED007045DB /* Sources */ = {
			isa = PBXSourcesBuildPhase;
			buildActionMask = 2147483647;
			files = (
				9224EB292C6E43510056B803 /* CustomTextFiled.swift in Sources */,
				9224EB272C6E43510056B803 /* CustomButton.swift in Sources */,
				92A776292C6A772F00757440 /* UserProfile.swift in Sources */,
				925322412C6A61ED007045DB /* MainNanigationViewController.swift in Sources */,
				9253223D2C6A61ED007045DB /* AppDelegate.swift in Sources */,
				92A7762B2C6A774100757440 /* UIStringEx.swift in Sources */,
				927F9A972C6E1CEF00C9E9E9 /* DoctorDetailsViewController.swift in Sources */,
				92A7762C2C6A774100757440 /* UIViewControllerEx.swift in Sources */,
				92A7762D2C6A774100757440 /* UICollectionViewEx.swift in Sources */,
				92A7762E2C6A774100757440 /* UIColorEx.swift in Sources */,
				927F9A932C6E1CA700C9E9E9 /* HomeViewController.swift in Sources */,
				92A7762F2C6A774100757440 /* UITableViewEx.swift in Sources */,
				92A776302C6A774100757440 /* UIStoryboredEx.swift in Sources */,
				92A776312C6A774100757440 /* UIButtonEx.swift in Sources */,
				92A776322C6A774100757440 /* UIViewController.swift in Sources */,
				92A776332C6A774100757440 /* UITextField.swift in Sources */,
				92A776342C6A774100757440 /* UIKitEx.swift in Sources */,
				92A776352C6A774100757440 /* UIViewEx.swift in Sources */,
				927F9A912C6E1C8A00C9E9E9 /* SignInViewController.swift in Sources */,
				927F9A992C6E1D1D00C9E9E9 /* BookAppointmentViewController.swift in Sources */,
				927F9A8F2C6E1C6B00C9E9E9 /* SignUpViewController.swift in Sources */,
				927F9A952C6E1CCC00C9E9E9 /* FindDoctorsViewController.swift in Sources */,
				92A776362C6A774100757440 /* UIApplectionEx.swift in Sources */,
				92A776372C6A774100757440 /* UITabBarEx.swift in Sources */,
				92A776382C6A774100757440 /* UIResponderEx.swift in Sources */,
				92A7762A2C6A773400757440 /* NSNumberEx.swift in Sources */,
				9253223F2C6A61ED007045DB /* SceneDelegate.swift in Sources */,
			);
			runOnlyForDeploymentPostprocessing = 0;
		};
/* End PBXSourcesBuildPhase section */

/* Begin PBXVariantGroup section */
		925322422C6A61ED007045DB /* Main.storyboard */ = {
			isa = PBXVariantGroup;
			children = (
				925322432C6A61ED007045DB /* Base */,
			);
			name = Main.storyboard;
			sourceTree = "<group>";
		};
		925322472C6A61F2007045DB /* LaunchScreen.storyboard */ = {
			isa = PBXVariantGroup;
			children = (
				925322482C6A61F2007045DB /* Base */,
			);
			name = LaunchScreen.storyboard;
			sourceTree = "<group>";
		};
/* End PBXVariantGroup section */

/* Begin XCBuildConfiguration section */
		9253224B2C6A61F2007045DB /* Debug */ = {
			isa = XCBuildConfiguration;
			buildSettings = {
				ALWAYS_SEARCH_USER_PATHS = NO;
				ASSETCATALOG_COMPILER_GENERATE_SWIFT_ASSET_SYMBOL_EXTENSIONS = YES;
				CLANG_ANALYZER_NONNULL = YES;
				CLANG_ANALYZER_NUMBER_OBJECT_CONVERSION = YES_AGGRESSIVE;
				CLANG_CXX_LANGUAGE_STANDARD = "gnu++20";
				CLANG_ENABLE_MODULES = YES;
				CLANG_ENABLE_OBJC_ARC = YES;
				CLANG_ENABLE_OBJC_WEAK = YES;
				CLANG_WARN_BLOCK_CAPTURE_AUTORELEASING = YES;
				CLANG_WARN_BOOL_CONVERSION = YES;
				CLANG_WARN_COMMA = YES;
				CLANG_WARN_CONSTANT_CONVERSION = YES;
				CLANG_WARN_DEPRECATED_OBJC_IMPLEMENTATIONS = YES;
				CLANG_WARN_DIRECT_OBJC_ISA_USAGE = YES_ERROR;
				CLANG_WARN_DOCUMENTATION_COMMENTS = YES;
				CLANG_WARN_EMPTY_BODY = YES;
				CLANG_WARN_ENUM_CONVERSION = YES;
				CLANG_WARN_INFINITE_RECURSION = YES;
				CLANG_WARN_INT_CONVERSION = YES;
				CLANG_WARN_NON_LITERAL_NULL_CONVERSION = YES;
				CLANG_WARN_OBJC_IMPLICIT_RETAIN_SELF = YES;
				CLANG_WARN_OBJC_LITERAL_CONVERSION = YES;
				CLANG_WARN_OBJC_ROOT_CLASS = YES_ERROR;
				CLANG_WARN_QUOTED_INCLUDE_IN_FRAMEWORK_HEADER = YES;
				CLANG_WARN_RANGE_LOOP_ANALYSIS = YES;
				CLANG_WARN_STRICT_PROTOTYPES = YES;
				CLANG_WARN_SUSPICIOUS_MOVE = YES;
				CLANG_WARN_UNGUARDED_AVAILABILITY = YES_AGGRESSIVE;
				CLANG_WARN_UNREACHABLE_CODE = YES;
				CLANG_WARN__DUPLICATE_METHOD_MATCH = YES;
				COPY_PHASE_STRIP = NO;
				DEBUG_INFORMATION_FORMAT = dwarf;
				ENABLE_STRICT_OBJC_MSGSEND = YES;
				ENABLE_TESTABILITY = YES;
				ENABLE_USER_SCRIPT_SANDBOXING = YES;
				GCC_C_LANGUAGE_STANDARD = gnu17;
				GCC_DYNAMIC_NO_PIC = NO;
				GCC_NO_COMMON_BLOCKS = YES;
				GCC_OPTIMIZATION_LEVEL = 0;
				GCC_PREPROCESSOR_DEFINITIONS = (
					"DEBUG=1",
					"$(inherited)",
				);
				GCC_WARN_64_TO_32_BIT_CONVERSION = YES;
				GCC_WARN_ABOUT_RETURN_TYPE = YES_ERROR;
				GCC_WARN_UNDECLARED_SELECTOR = YES;
				GCC_WARN_UNINITIALIZED_AUTOS = YES_AGGRESSIVE;
				GCC_WARN_UNUSED_FUNCTION = YES;
				GCC_WARN_UNUSED_VARIABLE = YES;
				IPHONEOS_DEPLOYMENT_TARGET = 13.0;
				LOCALIZATION_PREFERS_STRING_CATALOGS = YES;
				MTL_ENABLE_DEBUG_INFO = INCLUDE_SOURCE;
				MTL_FAST_MATH = YES;
				ONLY_ACTIVE_ARCH = YES;
				SDKROOT = iphoneos;
				SWIFT_ACTIVE_COMPILATION_CONDITIONS = "DEBUG $(inherited)";
				SWIFT_OPTIMIZATION_LEVEL = "-Onone";
			};
			name = Debug;
		};
		9253224C2C6A61F2007045DB /* Release */ = {
			isa = XCBuildConfiguration;
			buildSettings = {
				ALWAYS_SEARCH_USER_PATHS = NO;
				ASSETCATALOG_COMPILER_GENERATE_SWIFT_ASSET_SYMBOL_EXTENSIONS = YES;
				CLANG_ANALYZER_NONNULL = YES;
				CLANG_ANALYZER_NUMBER_OBJECT_CONVERSION = YES_AGGRESSIVE;
				CLANG_CXX_LANGUAGE_STANDARD = "gnu++20";
				CLANG_ENABLE_MODULES = YES;
				CLANG_ENABLE_OBJC_ARC = YES;
				CLANG_ENABLE_OBJC_WEAK = YES;
				CLANG_WARN_BLOCK_CAPTURE_AUTORELEASING = YES;
				CLANG_WARN_BOOL_CONVERSION = YES;
				CLANG_WARN_COMMA = YES;
				CLANG_WARN_CONSTANT_CONVERSION = YES;
				CLANG_WARN_DEPRECATED_OBJC_IMPLEMENTATIONS = YES;
				CLANG_WARN_DIRECT_OBJC_ISA_USAGE = YES_ERROR;
				CLANG_WARN_DOCUMENTATION_COMMENTS = YES;
				CLANG_WARN_EMPTY_BODY = YES;
				CLANG_WARN_ENUM_CONVERSION = YES;
				CLANG_WARN_INFINITE_RECURSION = YES;
				CLANG_WARN_INT_CONVERSION = YES;
				CLANG_WARN_NON_LITERAL_NULL_CONVERSION = YES;
				CLANG_WARN_OBJC_IMPLICIT_RETAIN_SELF = YES;
				CLANG_WARN_OBJC_LITERAL_CONVERSION = YES;
				CLANG_WARN_OBJC_ROOT_CLASS = YES_ERROR;
				CLANG_WARN_QUOTED_INCLUDE_IN_FRAMEWORK_HEADER = YES;
				CLANG_WARN_RANGE_LOOP_ANALYSIS = YES;
				CLANG_WARN_STRICT_PROTOTYPES = YES;
				CLANG_WARN_SUSPICIOUS_MOVE = YES;
				CLANG_WARN_UNGUARDED_AVAILABILITY = YES_AGGRESSIVE;
				CLANG_WARN_UNREACHABLE_CODE = YES;
				CLANG_WARN__DUPLICATE_METHOD_MATCH = YES;
				COPY_PHASE_STRIP = NO;
				DEBUG_INFORMATION_FORMAT = "dwarf-with-dsym";
				ENABLE_NS_ASSERTIONS = NO;
				ENABLE_STRICT_OBJC_MSGSEND = YES;
				ENABLE_USER_SCRIPT_SANDBOXING = YES;
				GCC_C_LANGUAGE_STANDARD = gnu17;
				GCC_NO_COMMON_BLOCKS = YES;
				GCC_WARN_64_TO_32_BIT_CONVERSION = YES;
				GCC_WARN_ABOUT_RETURN_TYPE = YES_ERROR;
				GCC_WARN_UNDECLARED_SELECTOR = YES;
				GCC_WARN_UNINITIALIZED_AUTOS = YES_AGGRESSIVE;
				GCC_WARN_UNUSED_FUNCTION = YES;
				GCC_WARN_UNUSED_VARIABLE = YES;
				IPHONEOS_DEPLOYMENT_TARGET = 13.0;
				LOCALIZATION_PREFERS_STRING_CATALOGS = YES;
				MTL_ENABLE_DEBUG_INFO = NO;
				MTL_FAST_MATH = YES;
				SDKROOT = iphoneos;
				SWIFT_COMPILATION_MODE = wholemodule;
				VALIDATE_PRODUCT = YES;
			};
			name = Release;
		};
		9253224E2C6A61F2007045DB /* Debug */ = {
			isa = XCBuildConfiguration;
			buildSettings = {
				ASSETCATALOG_COMPILER_APPICON_NAME = AppIcon;
				ASSETCATALOG_COMPILER_GLOBAL_ACCENT_COLOR_NAME = AccentColor;
				CODE_SIGN_STYLE = Automatic;
				CURRENT_PROJECT_VERSION = 1;
				DEVELOPMENT_TEAM = 988B9VT687;
				GENERATE_INFOPLIST_FILE = YES;
				INFOPLIST_FILE = "Tooth Time/Supporting Files/Info.plist";
				INFOPLIST_KEY_UIApplicationSupportsIndirectInputEvents = YES;
				INFOPLIST_KEY_UILaunchStoryboardName = LaunchScreen;
				INFOPLIST_KEY_UIMainStoryboardFile = Main;
				INFOPLIST_KEY_UISupportedInterfaceOrientations_iPad = "UIInterfaceOrientationPortrait UIInterfaceOrientationPortraitUpsideDown UIInterfaceOrientationLandscapeLeft UIInterfaceOrientationLandscapeRight";
				INFOPLIST_KEY_UISupportedInterfaceOrientations_iPhone = "UIInterfaceOrientationPortrait UIInterfaceOrientationLandscapeLeft UIInterfaceOrientationLandscapeRight";
				LD_RUNPATH_SEARCH_PATHS = (
					"$(inherited)",
					"@executable_path/Frameworks",
				);
				MARKETING_VERSION = 1.0;
				PRODUCT_BUNDLE_IDENTIFIER = "iOS.Tooth-Time";
				PRODUCT_NAME = "$(TARGET_NAME)";
				SWIFT_EMIT_LOC_STRINGS = YES;
				SWIFT_VERSION = 5.0;
				TARGETED_DEVICE_FAMILY = "1,2";
			};
			name = Debug;
		};
		9253224F2C6A61F2007045DB /* Release */ = {
			isa = XCBuildConfiguration;
			buildSettings = {
				ASSETCATALOG_COMPILER_APPICON_NAME = AppIcon;
				ASSETCATALOG_COMPILER_GLOBAL_ACCENT_COLOR_NAME = AccentColor;
				CODE_SIGN_STYLE = Automatic;
				CURRENT_PROJECT_VERSION = 1;
				DEVELOPMENT_TEAM = 988B9VT687;
				GENERATE_INFOPLIST_FILE = YES;
				INFOPLIST_FILE = "Tooth Time/Supporting Files/Info.plist";
				INFOPLIST_KEY_UIApplicationSupportsIndirectInputEvents = YES;
				INFOPLIST_KEY_UILaunchStoryboardName = LaunchScreen;
				INFOPLIST_KEY_UIMainStoryboardFile = Main;
				INFOPLIST_KEY_UISupportedInterfaceOrientations_iPad = "UIInterfaceOrientationPortrait UIInterfaceOrientationPortraitUpsideDown UIInterfaceOrientationLandscapeLeft UIInterfaceOrientationLandscapeRight";
				INFOPLIST_KEY_UISupportedInterfaceOrientations_iPhone = "UIInterfaceOrientationPortrait UIInterfaceOrientationLandscapeLeft UIInterfaceOrientationLandscapeRight";
				LD_RUNPATH_SEARCH_PATHS = (
					"$(inherited)",
					"@executable_path/Frameworks",
				);
				MARKETING_VERSION = 1.0;
				PRODUCT_BUNDLE_IDENTIFIER = "iOS.Tooth-Time";
				PRODUCT_NAME = "$(TARGET_NAME)";
				SWIFT_EMIT_LOC_STRINGS = YES;
				SWIFT_VERSION = 5.0;
				TARGETED_DEVICE_FAMILY = "1,2";
			};
			name = Release;
		};
/* End XCBuildConfiguration section */

/* Begin XCConfigurationList section */
		925322342C6A61ED007045DB /* Build configuration list for PBXProject "Tooth Time" */ = {
			isa = XCConfigurationList;
			buildConfigurations = (
				9253224B2C6A61F2007045DB /* Debug */,
				9253224C2C6A61F2007045DB /* Release */,
			);
			defaultConfigurationIsVisible = 0;
			defaultConfigurationName = Release;
		};
		9253224D2C6A61F2007045DB /* Build configuration list for PBXNativeTarget "Tooth Time" */ = {
			isa = XCConfigurationList;
			buildConfigurations = (
				9253224E2C6A61F2007045DB /* Debug */,
				9253224F2C6A61F2007045DB /* Release */,
			);
			defaultConfigurationIsVisible = 0;
			defaultConfigurationName = Release;
		};
/* End XCConfigurationList section */
	};
	rootObject = 925322312C6A61ED007045DB /* Project object */;
}
